
Microsoft Visual Studio Solution File, Format Version 12.00
# Visual Studio Version 17
VisualStudioVersion = 17.11.35219.272
MinimumVisualStudioVersion = 10.0.40219.1
Project("{9A19103F-16F7-4668-BE54-9A1E7A4F7556}") = "youTube2", "youTube2\youTube2.csproj", "{233CCDC5-DB5E-4360-A442-925C3CB35AB2}"
EndProject
Project("{9A19103F-16F7-4668-BE54-9A1E7A4F7556}") = "HW1_switch", "HW1_switch\HW1_switch.csproj", "{EFE5BD04-7288-441E-BF2D-38CF27CCCE70}"
EndProject
Project("{9A19103F-16F7-4668-BE54-9A1E7A4F7556}") = "HW2_READ_LINE", "HW2_READ_LINE\HW2_READ_LINE.csproj", "{1A0FD342-167C-4871-B2A7-DB08E6281CF7}"
EndProject
Project("{FAE04EC0-301F-11D3-BF4B-00C04F79EFBC}") = "HW3_while", "HW3_while\HW3_while.csproj", "{BCDCB200-A5F1-4BB0-A7A2-43CE0A14971D}"
EndProject
Global
	GlobalSection(SolutionConfigurationPlatforms) = preSolution
		Debug|Any CPU = Debug|Any CPU
		Release|Any CPU = Release|Any CPU
	EndGlobalSection
	GlobalSection(ProjectConfigurationPlatforms) = postSolution
		{233CCDC5-DB5E-4360-A442-925C3CB35AB2}.Debug|Any CPU.ActiveCfg = Debug|Any CPU
		{233CCDC5-DB5E-4360-A442-925C3CB35AB2}.Debug|Any CPU.Build.0 = Debug|Any CPU
		{233CCDC5-DB5E-4360-A442-925C3CB35AB2}.Release|Any CPU.ActiveCfg = Release|Any CPU
		{233CCDC5-DB5E-4360-A442-925C3CB35AB2}.Release|Any CPU.Build.0 = Release|Any CPU
		{EFE5BD04-7288-441E-BF2D-38CF27CCCE70}.Debug|Any CPU.ActiveCfg = Debug|Any CPU
		{EFE5BD04-7288-441E-BF2D-38CF27CCCE70}.Debug|Any CPU.Build.0 = Debug|Any CPU
		{EFE5BD04-7288-441E-BF2D-38CF27CCCE70}.Release|Any CPU.ActiveCfg = Release|Any CPU
		{EFE5BD04-7288-441E-BF2D-38CF27CCCE70}.Release|Any CPU.Build.0 = Release|Any CPU
		{1A0FD342-167C-4871-B2A7-DB08E6281CF7}.Debug|Any CPU.ActiveCfg = Debug|Any CPU
		{1A0FD342-167C-4871-B2A7-DB08E6281CF7}.Debug|Any CPU.Build.0 = Debug|Any CPU
		{1A0FD342-167C-4871-B2A7-DB08E6281CF7}.Release|Any CPU.ActiveCfg = Release|Any CPU
		{1A0FD342-167C-4871-B2A7-DB08E6281CF7}.Release|Any CPU.Build.0 = Release|Any CPU
		{BCDCB200-A5F1-4BB0-A7A2-43CE0A14971D}.Debug|Any CPU.ActiveCfg = Debug|Any CPU
		{BCDCB200-A5F1-4BB0-A7A2-43CE0A14971D}.Debug|Any CPU.Build.0 = Debug|Any CPU
		{BCDCB200-A5F1-4BB0-A7A2-43CE0A14971D}.Release|Any CPU.ActiveCfg = Release|Any CPU
		{BCDCB200-A5F1-4BB0-A7A2-43CE0A14971D}.Release|Any CPU.Build.0 = Release|Any CPU
	EndGlobalSection
	GlobalSection(SolutionProperties) = preSolution
		HideSolutionNode = FALSE
	EndGlobalSection
	GlobalSection(ExtensibilityGlobals) = postSolution
		SolutionGuid = {E0F7F2F3-89EC-48F3-A1D5-36202865AC9F}
	EndGlobalSection
EndGlobal
